
Microsoft Visual Studio Solution File, Format Version 12.00
# Visual Studio Version 16
VisualStudioVersion = 16.0.31424.327
MinimumVisualStudioVersion = 10.0.40219.1
Project("{FAE04EC0-301F-11D3-BF4B-00C04F79EFBC}") = "AncientMarket_Libraray", "AncientMarket_Libraray\AncientMarket_Libraray.csproj", "{D6987497-0BEA-4BA9-8610-AB20F2D41BCD}"
EndProject
Global
	GlobalSection(SolutionConfigurationPlatforms) = preSolution
		Debug|Any CPU = Debug|Any CPU
		Release|Any CPU = Release|Any CPU
	EndGlobalSection
	GlobalSection(ProjectConfigurationPlatforms) = postSolution
		{D6987497-0BEA-4BA9-8610-AB20F2D41BCD}.Debug|Any CPU.ActiveCfg = Debug|Any CPU
		{D6987497-0BEA-4BA9-8610-AB20F2D41BCD}.Debug|Any CPU.Build.0 = Debug|Any CPU
		{D6987497-0BEA-4BA9-8610-AB20F2D41BCD}.Release|Any CPU.ActiveCfg = Release|Any CPU
		{D6987497-0BEA-4BA9-8610-AB20F2D41BCD}.Release|Any CPU.Build.0 = Release|Any CPU
	EndGlobalSection
	GlobalSection(SolutionProperties) = preSolution
		HideSolutionNode = FALSE
	EndGlobalSection
	GlobalSection(ExtensibilityGlobals) = postSolution
		SolutionGuid = {3BDA3B2F-19BA-4716-94A1-75CEF0BA22C3}
	EndGlobalSection
EndGlobal
